PODS:
  - Google-Mobile-Ads-SDK (11.13.0):
    - GoogleUserMessagingPlatform (>= 1.1)
  - GoogleAds-IMA-iOS-SDK (3.24.0)
  - GoogleUserMessagingPlatform (2.7.0)
  - PrebidMobile (2.3.1):
    - PrebidMobile/core (= 2.3.1)
  - PrebidMobile/core (2.3.1)
  - PrebidMobileGAMEventHandlers (2.3.1):
    - Google-Mobile-Ads-SDK
    - PrebidMobile (= 2.3.1)

DEPENDENCIES:
  - Google-Mobile-Ads-SDK
  - GoogleAds-IMA-iOS-SDK
  - PrebidMobile
  - PrebidMobileGAMEventHandlers

SPEC REPOS:
  trunk:
    - Google-Mobile-Ads-SDK
    - GoogleAds-IMA-iOS-SDK
    - GoogleUserMessagingPlatform
    - PrebidMobile
    - PrebidMobileGAMEventHandlers

SPEC CHECKSUMS:
  Google-Mobile-Ads-SDK: 14f57f2dc33532a24db288897e26494640810407
  GoogleAds-IMA-iOS-SDK: bf4dc86b31a1d1b27021008200bbeb6faa689901
  GoogleUserMessagingPlatform: a8b56893477f67212fbc8411c139e61d463349f5
  PrebidMobile: 08e88fe737eed02b93f49ef83f8dc147710b3f62
  PrebidMobileGAMEventHandlers: 2303da9e9997f2a15c830b6744e8806eea165ce3

PODFILE CHECKSUM: 43eedfa28fd92e194c9a84cb41f1f2fe50208365

COCOAPODS: 1.16.2
